
Microsoft Visual Studio Solution File, Format Version 12.00
# Visual Studio 15
VisualStudioVersion = 15.0.27703.2047
MinimumVisualStudioVersion = 10.0.40219.1
Project("{FAE04EC0-301F-11D3-BF4B-00C04F79EFBC}") = "Presentacion SAFE", "Presentacion SAFE\Presentacion SAFE.csproj", "{8327A6BE-D1EE-46B3-BDCB-2E427D1173CD}"
EndProject
Global
	GlobalSection(SolutionConfigurationPlatforms) = preSolution
		Debug|Any CPU = Debug|Any CPU
		Release|Any CPU = Release|Any CPU
	EndGlobalSection
	GlobalSection(ProjectConfigurationPlatforms) = postSolution
		{8327A6BE-D1EE-46B3-BDCB-2E427D1173CD}.Debug|Any CPU.ActiveCfg = Debug|Any CPU
		{8327A6BE-D1EE-46B3-BDCB-2E427D1173CD}.Debug|Any CPU.Build.0 = Debug|Any CPU
		{8327A6BE-D1EE-46B3-BDCB-2E427D1173CD}.Release|Any CPU.ActiveCfg = Release|Any CPU
		{8327A6BE-D1EE-46B3-BDCB-2E427D1173CD}.Release|Any CPU.Build.0 = Release|Any CPU
	EndGlobalSection
	GlobalSection(SolutionProperties) = preSolution
		HideSolutionNode = FALSE
	EndGlobalSection
	GlobalSection(ExtensibilityGlobals) = postSolution
		SolutionGuid = {51849D62-F43A-4475-A3FA-A1C3D32908B7}
	EndGlobalSection
EndGlobal
